
Microsoft Visual Studio Solution File, Format Version 12.00
# Visual Studio 2012
Project("{FAE04EC0-301F-11D3-BF4B-00C04F79EFBC}") = "AndreinaMovil.Android", "AndreinaMovil.Android\AndreinaMovil.Android.csproj", "{44B8E3E5-846E-45F5-9E31-0CEB961F156A}"
EndProject
Project("{FAE04EC0-301F-11D3-BF4B-00C04F79EFBC}") = "AndreinaMovil.iOS", "AndreinaMovil.iOS\AndreinaMovil.iOS.csproj", "{63CEEB09-915E-4A59-BDA1-E763E993761F}"
EndProject
Project("{FAE04EC0-301F-11D3-BF4B-00C04F79EFBC}") = "AndreinaMovil", "AndreinaMovil\AndreinaMovil.csproj", "{357D41F9-63FD-4E11-98F3-3665D1202F5B}"
EndProject
Global
	GlobalSection(SolutionConfigurationPlatforms) = preSolution
		Debug|Any CPU = Debug|Any CPU
		Release|Any CPU = Release|Any CPU
		Debug|iPhoneSimulator = Debug|iPhoneSimulator
		Release|iPhoneSimulator = Release|iPhoneSimulator
		Debug|iPhone = Debug|iPhone
		Release|iPhone = Release|iPhone
		Ad-Hoc|iPhone = Ad-Hoc|iPhone
		AppStore|iPhone = AppStore|iPhone
	EndGlobalSection
	GlobalSection(ProjectConfigurationPlatforms) = postSolution
		{44B8E3E5-846E-45F5-9E31-0CEB961F156A}.Debug|Any CPU.ActiveCfg = Debug|Any CPU
		{44B8E3E5-846E-45F5-9E31-0CEB961F156A}.Debug|Any CPU.Build.0 = Debug|Any CPU
		{44B8E3E5-846E-45F5-9E31-0CEB961F156A}.Release|Any CPU.ActiveCfg = Release|Any CPU
		{44B8E3E5-846E-45F5-9E31-0CEB961F156A}.Release|Any CPU.Build.0 = Release|Any CPU
		{44B8E3E5-846E-45F5-9E31-0CEB961F156A}.Debug|iPhoneSimulator.ActiveCfg = Debug|Any CPU
		{44B8E3E5-846E-45F5-9E31-0CEB961F156A}.Debug|iPhoneSimulator.Build.0 = Debug|Any CPU
		{44B8E3E5-846E-45F5-9E31-0CEB961F156A}.Release|iPhoneSimulator.ActiveCfg = Release|Any CPU
		{44B8E3E5-846E-45F5-9E31-0CEB961F156A}.Release|iPhoneSimulator.Build.0 = Release|Any CPU
		{44B8E3E5-846E-45F5-9E31-0CEB961F156A}.Debug|iPhone.ActiveCfg = Debug|Any CPU
		{44B8E3E5-846E-45F5-9E31-0CEB961F156A}.Debug|iPhone.Build.0 = Debug|Any CPU
		{44B8E3E5-846E-45F5-9E31-0CEB961F156A}.Release|iPhone.ActiveCfg = Release|Any CPU
		{44B8E3E5-846E-45F5-9E31-0CEB961F156A}.Release|iPhone.Build.0 = Release|Any CPU
		{44B8E3E5-846E-45F5-9E31-0CEB961F156A}.Ad-Hoc|iPhone.ActiveCfg = Debug|Any CPU
		{44B8E3E5-846E-45F5-9E31-0CEB961F156A}.Ad-Hoc|iPhone.Build.0 = Debug|Any CPU
		{44B8E3E5-846E-45F5-9E31-0CEB961F156A}.AppStore|iPhone.ActiveCfg = Debug|Any CPU
		{44B8E3E5-846E-45F5-9E31-0CEB961F156A}.AppStore|iPhone.Build.0 = Debug|Any CPU
		{63CEEB09-915E-4A59-BDA1-E763E993761F}.Debug|Any CPU.ActiveCfg = Debug|iPhoneSimulator
		{63CEEB09-915E-4A59-BDA1-E763E993761F}.Debug|Any CPU.Build.0 = Debug|iPhoneSimulator
		{63CEEB09-915E-4A59-BDA1-E763E993761F}.Release|Any CPU.ActiveCfg = Release|iPhoneSimulator
		{63CEEB09-915E-4A59-BDA1-E763E993761F}.Release|Any CPU.Build.0 = Release|iPhoneSimulator
		{63CEEB09-915E-4A59-BDA1-E763E993761F}.Debug|iPhoneSimulator.ActiveCfg = Debug|iPhoneSimulator
		{63CEEB09-915E-4A59-BDA1-E763E993761F}.Debug|iPhoneSimulator.Build.0 = Debug|iPhoneSimulator
		{63CEEB09-915E-4A59-BDA1-E763E993761F}.Release|iPhoneSimulator.ActiveCfg = Release|iPhoneSimulator
		{63CEEB09-915E-4A59-BDA1-E763E993761F}.Release|iPhoneSimulator.Build.0 = Release|iPhoneSimulator
		{63CEEB09-915E-4A59-BDA1-E763E993761F}.Debug|iPhone.ActiveCfg = Debug|iPhone
		{63CEEB09-915E-4A59-BDA1-E763E993761F}.Debug|iPhone.Build.0 = Debug|iPhone
		{63CEEB09-915E-4A59-BDA1-E763E993761F}.Release|iPhone.ActiveCfg = Release|iPhone
		{63CEEB09-915E-4A59-BDA1-E763E993761F}.Release|iPhone.Build.0 = Release|iPhone
		{63CEEB09-915E-4A59-BDA1-E763E993761F}.Ad-Hoc|iPhone.ActiveCfg = Ad-Hoc|iPhone
		{63CEEB09-915E-4A59-BDA1-E763E993761F}.Ad-Hoc|iPhone.Build.0 = Ad-Hoc|iPhone
		{63CEEB09-915E-4A59-BDA1-E763E993761F}.AppStore|iPhone.ActiveCfg = AppStore|iPhone
		{63CEEB09-915E-4A59-BDA1-E763E993761F}.AppStore|iPhone.Build.0 = AppStore|iPhone
		{357D41F9-63FD-4E11-98F3-3665D1202F5B}.Debug|Any CPU.ActiveCfg = Debug|Any CPU
		{357D41F9-63FD-4E11-98F3-3665D1202F5B}.Debug|Any CPU.Build.0 = Debug|Any CPU
		{357D41F9-63FD-4E11-98F3-3665D1202F5B}.Release|Any CPU.ActiveCfg = Release|Any CPU
		{357D41F9-63FD-4E11-98F3-3665D1202F5B}.Release|Any CPU.Build.0 = Release|Any CPU
		{357D41F9-63FD-4E11-98F3-3665D1202F5B}.Debug|iPhoneSimulator.ActiveCfg = Debug|Any CPU
		{357D41F9-63FD-4E11-98F3-3665D1202F5B}.Debug|iPhoneSimulator.Build.0 = Debug|Any CPU
		{357D41F9-63FD-4E11-98F3-3665D1202F5B}.Release|iPhoneSimulator.ActiveCfg = Release|Any CPU
		{357D41F9-63FD-4E11-98F3-3665D1202F5B}.Release|iPhoneSimulator.Build.0 = Release|Any CPU
		{357D41F9-63FD-4E11-98F3-3665D1202F5B}.Debug|iPhone.ActiveCfg = Debug|Any CPU
		{357D41F9-63FD-4E11-98F3-3665D1202F5B}.Debug|iPhone.Build.0 = Debug|Any CPU
		{357D41F9-63FD-4E11-98F3-3665D1202F5B}.Release|iPhone.ActiveCfg = Release|Any CPU
		{357D41F9-63FD-4E11-98F3-3665D1202F5B}.Release|iPhone.Build.0 = Release|Any CPU
		{357D41F9-63FD-4E11-98F3-3665D1202F5B}.Ad-Hoc|iPhone.ActiveCfg = Debug|Any CPU
		{357D41F9-63FD-4E11-98F3-3665D1202F5B}.Ad-Hoc|iPhone.Build.0 = Debug|Any CPU
		{357D41F9-63FD-4E11-98F3-3665D1202F5B}.AppStore|iPhone.ActiveCfg = Debug|Any CPU
		{357D41F9-63FD-4E11-98F3-3665D1202F5B}.AppStore|iPhone.Build.0 = Debug|Any CPU
	EndGlobalSection
EndGlobal
